# This file is automatically @generated by Cargo.
# It is not intended for manual editing.
[[package]]
name = "blake2b-ref"
version = "0.1.0"
source = "registry+https://github.com/rust-lang/crates.io-index"
checksum = "d9f6b7b71e3097ed6ee470bab30e1025dd1327eee94ab1e3040b5b5c3f992117"

[[package]]
name = "blake2b-rs"
version = "0.1.5"
source = "registry+https://github.com/rust-lang/crates.io-index"
checksum = "6e35e362830ef90ecea16f09b21b75d22d33a8562a679c74ab4f4fa49b4fcb87"
dependencies = [
 "cc",
]

[[package]]
name = "buddy-alloc"
version = "0.4.1"
source = "registry+https://github.com/rust-lang/crates.io-index"
checksum = "8ff9f338986406db85e2b5deb40a9255b796ca03a194c7457403d215173f3fd5"

[[package]]
name = "cc"
version = "1.0.66"
source = "registry+https://github.com/rust-lang/crates.io-index"
checksum = "4c0496836a84f8d0495758516b8621a622beb77c0fed418570e50764093ced48"

[[package]]
name = "cfg-if"
version = "0.1.10"
source = "registry+https://github.com/rust-lang/crates.io-index"
checksum = "4785bdd1c96b2a846b2bd7cc02e86b6b3dbf14e7e53446c4f54c92a361040822"

[[package]]
name = "ckb-standalone-types"
version = "0.0.1-pre.1"
source = "registry+https://github.com/rust-lang/crates.io-index"
checksum = "af2cdbdf65ee5b1da71504f5a03d6984bce77d0b4b46daff63f4ba4a3b0eef08"
dependencies = [
 "cfg-if",
 "molecule",
]

[[package]]
name = "ckb-std"
version = "0.7.2"
source = "registry+https://github.com/rust-lang/crates.io-index"
checksum = "35e14bf64c694f078d6d33bad7e2b9a87d129d8b4e4c9a6cfc4364e2c6eddbd9"
dependencies = [
 "buddy-alloc",
 "cc",
 "ckb-standalone-types",
]

[[package]]
name = "molecule"
version = "0.6.1"
source = "registry+https://github.com/rust-lang/crates.io-index"
checksum = "3067ceba3d7f5dcc7427cfc584fc506e756f1161151032fec840455f5a3c2fd5"
dependencies = [
 "cfg-if",
]

[[package]]
name = "validate-signature-rsa"
version = "0.1.0"
dependencies = [
 "blake2b-ref",
 "blake2b-rs",
 "ckb-std",
]
