# This file is automatically @generated by Cargo.
# It is not intended for manual editing.
[[package]]
name = "adler"
version = "1.0.2"
source = "registry+https://github.com/rust-lang/crates.io-index"
checksum = "f26201604c87b1e01bd3d98f8d5d9a8fcbb815e8cedb41ffccbeb4bf593a35fe"

[[package]]
name = "anyhow"
version = "1.0.40"
source = "registry+https://github.com/rust-lang/crates.io-index"
checksum = "28b2cd92db5cbd74e8e5028f7e27dd7aa3090e89e4f2a197cc7c8dfb69c7063b"

[[package]]
name = "autocfg"
version = "0.1.7"
source = "registry+https://github.com/rust-lang/crates.io-index"
checksum = "1d49d90015b3c36167a20fe2810c5cd875ad504b39cff3d4eae7977e6b7c1cb2"

[[package]]
name = "autocfg"
version = "1.0.1"
source = "registry+https://github.com/rust-lang/crates.io-index"
checksum = "cdb031dd78e28731d87d56cc8ffef4a8f36ca26c38fe2de700543e627f8a464a"

[[package]]
name = "bit-vec"
version = "0.5.1"
source = "registry+https://github.com/rust-lang/crates.io-index"
checksum = "f59bbe95d4e52a6398ec21238d31577f2b28a9d86807f06ca59d191d8440d0bb"

[[package]]
name = "bitflags"
version = "1.2.1"
source = "registry+https://github.com/rust-lang/crates.io-index"
checksum = "cf1de2fe8c75bc145a2f577add951f8134889b4795d47466a54a5c846d691693"

[[package]]
name = "blake2b-ref"
version = "0.2.1"
source = "registry+https://github.com/rust-lang/crates.io-index"
checksum = "95916998c798756098a4eb1b3f2cd510659705a9817bf203d61abd30fbec3e7b"

[[package]]
name = "blake2b-rs"
version = "0.1.5"
source = "registry+https://github.com/rust-lang/crates.io-index"
checksum = "6e35e362830ef90ecea16f09b21b75d22d33a8562a679c74ab4f4fa49b4fcb87"
dependencies = [
 "cc",
]

[[package]]
name = "byteorder"
version = "1.4.3"
source = "registry+https://github.com/rust-lang/crates.io-index"
checksum = "14c189c53d098945499cdfa7ecc63567cf3886b3332b312a5b4585d8d3a6a610"

[[package]]
name = "bytes"
version = "0.5.6"
source = "registry+https://github.com/rust-lang/crates.io-index"
checksum = "0e4cec68f03f32e44924783795810fa50a7035d8c8ebe78580ad7e6c703fba38"
dependencies = [
 "serde",
]

[[package]]
name = "cc"
version = "1.0.67"
source = "registry+https://github.com/rust-lang/crates.io-index"
checksum = "e3c69b077ad434294d3ce9f1f6143a2a4b89a8a2d54ef813d85003a4fd1137fd"

[[package]]
name = "cfg-if"
version = "0.1.10"
source = "registry+https://github.com/rust-lang/crates.io-index"
checksum = "4785bdd1c96b2a846b2bd7cc02e86b6b3dbf14e7e53446c4f54c92a361040822"

[[package]]
name = "cfg-if"
version = "1.0.0"
source = "registry+https://github.com/rust-lang/crates.io-index"
checksum = "baf1de4339761588bc0619e3cbc0120ee582ebb74b53b4efbf79117bd2da40fd"

[[package]]
name = "ckb-chain-spec"
version = "0.40.0"
source = "registry+https://github.com/rust-lang/crates.io-index"
checksum = "f11518eb69b0652e83e2e7a7256e1c486a2a3db2fb2882eec0dbe3aa1adc51c2"
dependencies = [
 "ckb-crypto",
 "ckb-dao-utils",
 "ckb-error",
 "ckb-hash",
 "ckb-jsonrpc-types",
 "ckb-pow",
 "ckb-rational",
 "ckb-resource",
 "ckb-types",
 "serde",
 "toml",
]

[[package]]
name = "ckb-channel"
version = "0.40.0"
source = "registry+https://github.com/rust-lang/crates.io-index"
checksum = "879b236cd26901c674ed8104c4d34d2a39094fe2f4bdda200e37d37922779bcf"
dependencies = [
 "crossbeam-channel",
]

[[package]]
name = "ckb-crypto"
version = "0.40.0"
source = "registry+https://github.com/rust-lang/crates.io-index"
checksum = "261758416e7b3845875f9e4e95574d926517b20eec90743e25c4ce1c169e185c"
dependencies = [
 "ckb-fixed-hash",
 "faster-hex 0.4.1",
 "lazy_static",
 "rand 0.7.3",
 "secp256k1",
 "thiserror",
]

[[package]]
name = "ckb-dao-utils"
version = "0.40.0"
source = "registry+https://github.com/rust-lang/crates.io-index"
checksum = "6d9f80b8c7c25e2ef02e777462d9a1d686b192cd3d387afdaa3ba2d60dd3ddd9"
dependencies = [
 "byteorder",
 "ckb-error",
 "ckb-types",
]

[[package]]
name = "ckb-error"
version = "0.40.0"
source = "registry+https://github.com/rust-lang/crates.io-index"
checksum = "8478d3b4a6a82e7887af5ca7c80e3289e45321ba4279f172aa227c8150a38bf9"
dependencies = [
 "anyhow",
 "ckb-occupied-capacity",
 "derive_more",
 "thiserror",
]

[[package]]
name = "ckb-fixed-hash"
version = "0.40.0"
source = "registry+https://github.com/rust-lang/crates.io-index"
checksum = "bfc973ff8213d4e933a0cd2d5d0a86c52100492a59d7b5f996daf8cfbbeb8602"
dependencies = [
 "ckb-fixed-hash-core",
 "ckb-fixed-hash-macros",
]

[[package]]
name = "ckb-fixed-hash-core"
version = "0.40.0"
source = "registry+https://github.com/rust-lang/crates.io-index"
checksum = "5f2157c1979cfdde9d8f1ed5ef3d04d8821211b5bccc1f3d89754a91e19c47ea"
dependencies = [
 "faster-hex 0.4.1",
 "serde",
 "thiserror",
]

[[package]]
name = "ckb-fixed-hash-macros"
version = "0.40.0"
source = "registry+https://github.com/rust-lang/crates.io-index"
checksum = "bc29bf705305f5e5329823f31e2c7d3383bbeb8aa8daa9a23dc87d7bafa9221f"
dependencies = [
 "ckb-fixed-hash-core",
 "proc-macro2",
 "quote",
 "syn",
]

[[package]]
name = "ckb-hash"
version = "0.40.0"
source = "registry+https://github.com/rust-lang/crates.io-index"
checksum = "11d4f751b424962da459cacc19b2da0597bf7ec6786ee49a20e145bd74240f9e"
dependencies = [
 "blake2b-ref",
 "blake2b-rs",
]

[[package]]
name = "ckb-jsonrpc-types"
version = "0.40.0"
source = "registry+https://github.com/rust-lang/crates.io-index"
checksum = "ea384470f36bfb034d981678100a28d645f2a426ea806888d41376fb7403cf6f"
dependencies = [
 "ckb-types",
 "faster-hex 0.4.1",
 "jsonrpc-core",
 "serde",
 "serde_json",
]

[[package]]
name = "ckb-logger"
version = "0.40.0"
source = "registry+https://github.com/rust-lang/crates.io-index"
checksum = "a406cef6f7df7610d8a8d31217716cf4528fe4e46148421805a7a3285ac54627"
dependencies = [
 "log",
]

[[package]]
name = "ckb-occupied-capacity"
version = "0.40.0"
source = "registry+https://github.com/rust-lang/crates.io-index"
checksum = "3e5eaf1d193c40619799ba01ad409c4af2df3ea68d2481beae95f31c61e27edc"
dependencies = [
 "ckb-occupied-capacity-core",
 "ckb-occupied-capacity-macros",
]

[[package]]
name = "ckb-occupied-capacity-core"
version = "0.40.0"
source = "registry+https://github.com/rust-lang/crates.io-index"
checksum = "bcb3280f4d5bf3c43fdbb0848f37604ea37ed04d7268c8c45b457e1855b2bba0"
dependencies = [
 "serde",
]

[[package]]
name = "ckb-occupied-capacity-macros"
version = "0.40.0"
source = "registry+https://github.com/rust-lang/crates.io-index"
checksum = "d613f4e483cf9e23c2453dc148022ef8eb980a404cc7e15707c8c78a73429ca1"
dependencies = [
 "ckb-occupied-capacity-core",
 "quote",
 "syn",
]

[[package]]
name = "ckb-pow"
version = "0.40.0"
source = "registry+https://github.com/rust-lang/crates.io-index"
checksum = "5b9588725c8f9fa444776c32deb71c3939df7b1ef9a96f5b02e8e52420c88d3b"
dependencies = [
 "byteorder",
 "ckb-hash",
 "ckb-types",
 "eaglesong",
 "log",
 "serde",
]

[[package]]
name = "ckb-rational"
version = "0.40.0"
source = "registry+https://github.com/rust-lang/crates.io-index"
checksum = "5867453017716eb016334b2de4f4649fb2a36a7f742533876fda86215c0d4530"
dependencies = [
 "numext-fixed-uint",
 "serde",
]

[[package]]
name = "ckb-resource"
version = "0.40.0"
source = "registry+https://github.com/rust-lang/crates.io-index"
checksum = "022dab5a2e3d9499ab744d97574c078be3479cf63a988f237163a020ee8ffb4d"
dependencies = [
 "ckb-system-scripts",
 "ckb-types",
 "includedir",
 "includedir_codegen",
 "phf",
 "serde",
 "tempfile",
 "walkdir",
]

[[package]]
name = "ckb-script"
version = "0.40.0"
source = "registry+https://github.com/rust-lang/crates.io-index"
checksum = "1cddf7f925b066fbf319dd22bbd01b63b818482cd11c9338cf12347442c57415"
dependencies = [
 "byteorder",
 "ckb-chain-spec",
 "ckb-error",
 "ckb-hash",
 "ckb-logger",
 "ckb-traits",
 "ckb-types",
 "ckb-vm",
 "ckb-vm-definitions",
 "faster-hex 0.4.1",
 "goblin",
 "serde",
]

[[package]]
name = "ckb-system-scripts"
version = "0.5.1"
source = "registry+https://github.com/rust-lang/crates.io-index"
checksum = "261dd95a93c09ea24397c85b4fbca061e1da2d6573189749aeb99fe840aaf0c9"
dependencies = [
 "blake2b-rs",
 "faster-hex 0.3.1",
 "includedir",
 "includedir_codegen",
 "phf",
]

[[package]]
name = "ckb-traits"
version = "0.40.0"
source = "registry+https://github.com/rust-lang/crates.io-index"
checksum = "e8cac862d3805b87ad740b284ad3b51410ee00d55a697bb1c970948404c0f152"
dependencies = [
 "ckb-types",
]

[[package]]
name = "ckb-types"
version = "0.40.0"
source = "registry+https://github.com/rust-lang/crates.io-index"
checksum = "8edfaf0c1a479e127d5beb96f16c87f99cad31a1d2a259a9c885751326031a09"
dependencies = [
 "bit-vec",
 "bytes",
 "ckb-channel",
 "ckb-error",
 "ckb-fixed-hash",
 "ckb-hash",
 "ckb-occupied-capacity",
 "ckb-rational",
 "merkle-cbt",
 "molecule",
 "numext-fixed-uint",
 "once_cell",
]

[[package]]
name = "ckb-vm"
version = "0.19.3"
source = "registry+https://github.com/rust-lang/crates.io-index"
checksum = "bfc2fb181a6653bb13315dc7f60fbe32cd3d697553b24687613da984faf2a2c5"
dependencies = [
 "byteorder",
 "bytes",
 "cc",
 "ckb-vm-definitions",
 "derive_more",
 "goblin",
 "libc",
 "mapr",
 "scroll",
]

[[package]]
name = "ckb-vm-definitions"
version = "0.19.3"
source = "registry+https://github.com/rust-lang/crates.io-index"
checksum = "ea76d3867d00736c64876ab0cd304be73691b91990a90ebbf100d36af85fdb05"

[[package]]
name = "cloudabi"
version = "0.0.3"
source = "registry+https://github.com/rust-lang/crates.io-index"
checksum = "ddfc5b9aa5d4507acaf872de71051dfd0e309860e88966e1051e462a077aac4f"
dependencies = [
 "bitflags",
]

[[package]]
name = "convert_case"
version = "0.4.0"
source = "registry+https://github.com/rust-lang/crates.io-index"
checksum = "6245d59a3e82a7fc217c5828a6692dbc6dfb63a0c8c90495621f7b9d79704a0e"

[[package]]
name = "crc32fast"
version = "1.2.1"
source = "registry+https://github.com/rust-lang/crates.io-index"
checksum = "81156fece84ab6a9f2afdb109ce3ae577e42b1228441eded99bd77f627953b1a"
dependencies = [
 "cfg-if 1.0.0",
]

[[package]]
name = "crossbeam-channel"
version = "0.3.9"
source = "registry+https://github.com/rust-lang/crates.io-index"
checksum = "c8ec7fcd21571dc78f96cc96243cab8d8f035247c3efd16c687be154c3fa9efa"
dependencies = [
 "crossbeam-utils",
]

[[package]]
name = "crossbeam-utils"
version = "0.6.6"
source = "registry+https://github.com/rust-lang/crates.io-index"
checksum = "04973fa96e96579258a5091af6003abde64af786b860f18622b82e026cca60e6"
dependencies = [
 "cfg-if 0.1.10",
 "lazy_static",
]

[[package]]
name = "derive_more"
version = "0.99.13"
source = "registry+https://github.com/rust-lang/crates.io-index"
checksum = "f82b1b72f1263f214c0f823371768776c4f5841b942c9883aa8e5ec584fd0ba6"
dependencies = [
 "convert_case",
 "proc-macro2",
 "quote",
 "syn",
]

[[package]]
name = "eaglesong"
version = "0.1.0"
source = "registry+https://github.com/rust-lang/crates.io-index"
checksum = "8d978bd5d343e8ab9b5c0fc8d93ff9c602fdc96616ffff9c05ac7a155419b824"

[[package]]
name = "faster-hex"
version = "0.3.1"
source = "registry+https://github.com/rust-lang/crates.io-index"
checksum = "a5b8cccaafb5aae8c282692e5590f341925edea6c696e8715ff0d973320b2646"

[[package]]
name = "faster-hex"
version = "0.4.1"
source = "registry+https://github.com/rust-lang/crates.io-index"
checksum = "348138dd23e03bb0018caef99647fb1a5befec5ff4b501991de88f09854d4c28"

[[package]]
name = "flate2"
version = "1.0.20"
source = "registry+https://github.com/rust-lang/crates.io-index"
checksum = "cd3aec53de10fe96d7d8c565eb17f2c687bb5518a2ec453b5b1252964526abe0"
dependencies = [
 "cfg-if 1.0.0",
 "crc32fast",
 "libc",
 "miniz_oxide",
]

[[package]]
name = "fuchsia-cprng"
version = "0.1.1"
source = "registry+https://github.com/rust-lang/crates.io-index"
checksum = "a06f77d526c1a601b7c4cdd98f54b5eaabffc14d5f2f0296febdc7f357c6d3ba"

[[package]]
name = "futures"
version = "0.1.31"
source = "registry+https://github.com/rust-lang/crates.io-index"
checksum = "3a471a38ef8ed83cd6e40aa59c1ffe17db6855c18e3604d9c4ed8c08ebc28678"

[[package]]
name = "getrandom"
version = "0.1.16"
source = "registry+https://github.com/rust-lang/crates.io-index"
checksum = "8fc3cb4d91f53b50155bdcfd23f6a4c39ae1969c2ae85982b135750cccaf5fce"
dependencies = [
 "cfg-if 1.0.0",
 "libc",
 "wasi",
]

[[package]]
name = "goblin"
version = "0.2.3"
source = "registry+https://github.com/rust-lang/crates.io-index"
checksum = "d20fd25aa456527ce4f544271ae4fea65d2eda4a6561ea56f39fb3ee4f7e3884"
dependencies = [
 "log",
 "plain",
 "scroll",
]

[[package]]
name = "heapsize"
version = "0.4.2"
source = "registry+https://github.com/rust-lang/crates.io-index"
checksum = "1679e6ea370dee694f91f1dc469bf94cf8f52051d147aec3e1f9497c6fc22461"
dependencies = [
 "winapi",
]

[[package]]
name = "includedir"
version = "0.5.0"
source = "registry+https://github.com/rust-lang/crates.io-index"
checksum = "e97402f770a519ebea51b27131c3b6558cfd2375aff21294bad806bad91bf0b6"
dependencies = [
 "flate2",
 "phf",
]

[[package]]
name = "includedir_codegen"
version = "0.5.0"
source = "registry+https://github.com/rust-lang/crates.io-index"
checksum = "af7d542be113fd84855692fb536c16cc4c09527724d1dca8953047d71cccadef"
dependencies = [
 "flate2",
 "phf_codegen",
 "walkdir",
]

[[package]]
name = "itoa"
version = "0.4.7"
source = "registry+https://github.com/rust-lang/crates.io-index"
checksum = "dd25036021b0de88a0aff6b850051563c6516d0bf53f8638938edbb9de732736"

[[package]]
name = "jsonrpc-core"
version = "14.2.0"
source = "registry+https://github.com/rust-lang/crates.io-index"
checksum = "a0747307121ffb9703afd93afbd0fb4f854c38fb873f2c8b90e0e902f27c7b62"
dependencies = [
 "futures",
 "log",
 "serde",
 "serde_derive",
 "serde_json",
]

[[package]]
name = "lazy_static"
version = "1.4.0"
source = "registry+https://github.com/rust-lang/crates.io-index"
checksum = "e2abad23fbc42b3700f2f279844dc832adb2b2eb069b2df918f455c4e18cc646"

[[package]]
name = "libc"
version = "0.2.93"
source = "registry+https://github.com/rust-lang/crates.io-index"
checksum = "9385f66bf6105b241aa65a61cb923ef20efc665cb9f9bb50ac2f0c4b7f378d41"

[[package]]
name = "log"
version = "0.4.14"
source = "registry+https://github.com/rust-lang/crates.io-index"
checksum = "51b9bbe6c47d51fc3e1a9b945965946b4c44142ab8792c50835a980d362c2710"
dependencies = [
 "cfg-if 1.0.0",
]

[[package]]
name = "mapr"
version = "0.8.0"
source = "registry+https://github.com/rust-lang/crates.io-index"
checksum = "46a28a55dbc005b2f6f123c4058933d57add373d362f6fd3a76aab4fe6973500"
dependencies = [
 "libc",
 "winapi",
]

[[package]]
name = "merkle-cbt"
version = "0.3.0"
source = "registry+https://github.com/rust-lang/crates.io-index"
checksum = "6f1ac8428ec02d6caa5a79c15e851d84d5dc7a00df0429a8aa860d104f0a81be"
dependencies = [
 "cfg-if 0.1.10",
]

[[package]]
name = "miniz_oxide"
version = "0.4.4"
source = "registry+https://github.com/rust-lang/crates.io-index"
checksum = "a92518e98c078586bc6c934028adcca4c92a53d6a958196de835170a01d84e4b"
dependencies = [
 "adler",
 "autocfg 1.0.1",
]

[[package]]
name = "molecule"
version = "0.6.0"
source = "registry+https://github.com/rust-lang/crates.io-index"
checksum = "663f76cc52219e5957e2f5563cce9d89f98aa8503c9c898b5c412d97df663998"
dependencies = [
 "bytes",
 "cfg-if 0.1.10",
 "faster-hex 0.4.1",
]

[[package]]
name = "numext-constructor"
version = "0.1.6"
source = "registry+https://github.com/rust-lang/crates.io-index"
checksum = "621fe0f044729f810c6815cdd77e8f5e0cd803ce4f6a38380ebfc1322af98661"
dependencies = [
 "proc-macro2",
 "quote",
 "syn",
]

[[package]]
name = "numext-fixed-uint"
version = "0.1.6"
source = "registry+https://github.com/rust-lang/crates.io-index"
checksum = "6c68c76f96d589d1009a666c5072f37f3114d682696505f2cf445f27766c7d70"
dependencies = [
 "numext-fixed-uint-core",
 "numext-fixed-uint-hack",
]

[[package]]
name = "numext-fixed-uint-core"
version = "0.1.6"
source = "registry+https://github.com/rust-lang/crates.io-index"
checksum = "6aab1d6457b97b49482f22a92f0f58a2f39bdd7f3b2f977eae67e8bc206aa980"
dependencies = [
 "heapsize",
 "numext-constructor",
 "rand 0.7.3",
 "serde",
 "thiserror",
]

[[package]]
name = "numext-fixed-uint-hack"
version = "0.1.6"
source = "registry+https://github.com/rust-lang/crates.io-index"
checksum = "0200f8d55c36ec1b6a8cf810115be85d4814f045e0097dfd50033ba25adb4c9e"
dependencies = [
 "numext-fixed-uint-core",
 "proc-macro2",
 "quote",
 "syn",
]

[[package]]
name = "once_cell"
version = "1.7.2"
source = "registry+https://github.com/rust-lang/crates.io-index"
checksum = "af8b08b04175473088b46763e51ee54da5f9a164bc162f615b91bc179dbf15a3"

[[package]]
name = "phf"
version = "0.7.24"
source = "registry+https://github.com/rust-lang/crates.io-index"
checksum = "b3da44b85f8e8dfaec21adae67f95d93244b2ecf6ad2a692320598dcc8e6dd18"
dependencies = [
 "phf_shared",
]

[[package]]
name = "phf_codegen"
version = "0.7.24"
source = "registry+https://github.com/rust-lang/crates.io-index"
checksum = "b03e85129e324ad4166b06b2c7491ae27fe3ec353af72e72cd1654c7225d517e"
dependencies = [
 "phf_generator",
 "phf_shared",
]

[[package]]
name = "phf_generator"
version = "0.7.24"
source = "registry+https://github.com/rust-lang/crates.io-index"
checksum = "09364cc93c159b8b06b1f4dd8a4398984503483891b0c26b867cf431fb132662"
dependencies = [
 "phf_shared",
 "rand 0.6.5",
]

[[package]]
name = "phf_shared"
version = "0.7.24"
source = "registry+https://github.com/rust-lang/crates.io-index"
checksum = "234f71a15de2288bcb7e3b6515828d22af7ec8598ee6d24c3b526fa0a80b67a0"
dependencies = [
 "siphasher",
]

[[package]]
name = "plain"
version = "0.2.3"
source = "registry+https://github.com/rust-lang/crates.io-index"
checksum = "b4596b6d070b27117e987119b4dac604f3c58cfb0b191112e24771b2faeac1a6"

[[package]]
name = "ppv-lite86"
version = "0.2.10"
source = "registry+https://github.com/rust-lang/crates.io-index"
checksum = "ac74c624d6b2d21f425f752262f42188365d7b8ff1aff74c82e45136510a4857"

[[package]]
name = "proc-macro2"
version = "1.0.26"
source = "registry+https://github.com/rust-lang/crates.io-index"
checksum = "a152013215dca273577e18d2bf00fa862b89b24169fb78c4c95aeb07992c9cec"
dependencies = [
 "unicode-xid",
]

[[package]]
name = "quote"
version = "1.0.9"
source = "registry+https://github.com/rust-lang/crates.io-index"
checksum = "c3d0b9745dc2debf507c8422de05d7226cc1f0644216dfdfead988f9b1ab32a7"
dependencies = [
 "proc-macro2",
]

[[package]]
name = "rand"
version = "0.6.5"
source = "registry+https://github.com/rust-lang/crates.io-index"
checksum = "6d71dacdc3c88c1fde3885a3be3fbab9f35724e6ce99467f7d9c5026132184ca"
dependencies = [
 "autocfg 0.1.7",
 "libc",
 "rand_chacha 0.1.1",
 "rand_core 0.4.2",
 "rand_hc 0.1.0",
 "rand_isaac",
 "rand_jitter",
 "rand_os",
 "rand_pcg 0.1.2",
 "rand_xorshift",
 "winapi",
]

[[package]]
name = "rand"
version = "0.7.3"
source = "registry+https://github.com/rust-lang/crates.io-index"
checksum = "6a6b1679d49b24bbfe0c803429aa1874472f50d9b363131f0e89fc356b544d03"
dependencies = [
 "getrandom",
 "libc",
 "rand_chacha 0.2.2",
 "rand_core 0.5.1",
 "rand_hc 0.2.0",
 "rand_pcg 0.2.1",
]

[[package]]
name = "rand_chacha"
version = "0.1.1"
source = "registry+https://github.com/rust-lang/crates.io-index"
checksum = "556d3a1ca6600bfcbab7c7c91ccb085ac7fbbcd70e008a98742e7847f4f7bcef"
dependencies = [
 "autocfg 0.1.7",
 "rand_core 0.3.1",
]

[[package]]
name = "rand_chacha"
version = "0.2.2"
source = "registry+https://github.com/rust-lang/crates.io-index"
checksum = "f4c8ed856279c9737206bf725bf36935d8666ead7aa69b52be55af369d193402"
dependencies = [
 "ppv-lite86",
 "rand_core 0.5.1",
]

[[package]]
name = "rand_core"
version = "0.3.1"
source = "registry+https://github.com/rust-lang/crates.io-index"
checksum = "7a6fdeb83b075e8266dcc8762c22776f6877a63111121f5f8c7411e5be7eed4b"
dependencies = [
 "rand_core 0.4.2",
]

[[package]]
name = "rand_core"
version = "0.4.2"
source = "registry+https://github.com/rust-lang/crates.io-index"
checksum = "9c33a3c44ca05fa6f1807d8e6743f3824e8509beca625669633be0acbdf509dc"

[[package]]
name = "rand_core"
version = "0.5.1"
source = "registry+https://github.com/rust-lang/crates.io-index"
checksum = "90bde5296fc891b0cef12a6d03ddccc162ce7b2aff54160af9338f8d40df6d19"
dependencies = [
 "getrandom",
]

[[package]]
name = "rand_hc"
version = "0.1.0"
source = "registry+https://github.com/rust-lang/crates.io-index"
checksum = "7b40677c7be09ae76218dc623efbf7b18e34bced3f38883af07bb75630a21bc4"
dependencies = [
 "rand_core 0.3.1",
]

[[package]]
name = "rand_hc"
version = "0.2.0"
source = "registry+https://github.com/rust-lang/crates.io-index"
checksum = "ca3129af7b92a17112d59ad498c6f81eaf463253766b90396d39ea7a39d6613c"
dependencies = [
 "rand_core 0.5.1",
]

[[package]]
name = "rand_isaac"
version = "0.1.1"
source = "registry+https://github.com/rust-lang/crates.io-index"
checksum = "ded997c9d5f13925be2a6fd7e66bf1872597f759fd9dd93513dd7e92e5a5ee08"
dependencies = [
 "rand_core 0.3.1",
]

[[package]]
name = "rand_jitter"
version = "0.1.4"
source = "registry+https://github.com/rust-lang/crates.io-index"
checksum = "1166d5c91dc97b88d1decc3285bb0a99ed84b05cfd0bc2341bdf2d43fc41e39b"
dependencies = [
 "libc",
 "rand_core 0.4.2",
 "winapi",
]

[[package]]
name = "rand_os"
version = "0.1.3"
source = "registry+https://github.com/rust-lang/crates.io-index"
checksum = "7b75f676a1e053fc562eafbb47838d67c84801e38fc1ba459e8f180deabd5071"
dependencies = [
 "cloudabi",
 "fuchsia-cprng",
 "libc",
 "rand_core 0.4.2",
 "rdrand",
 "winapi",
]

[[package]]
name = "rand_pcg"
version = "0.1.2"
source = "registry+https://github.com/rust-lang/crates.io-index"
checksum = "abf9b09b01790cfe0364f52bf32995ea3c39f4d2dd011eac241d2914146d0b44"
dependencies = [
 "autocfg 0.1.7",
 "rand_core 0.4.2",
]

[[package]]
name = "rand_pcg"
version = "0.2.1"
source = "registry+https://github.com/rust-lang/crates.io-index"
checksum = "16abd0c1b639e9eb4d7c50c0b8100b0d0f849be2349829c740fe8e6eb4816429"
dependencies = [
 "rand_core 0.5.1",
]

[[package]]
name = "rand_xorshift"
version = "0.1.1"
source = "registry+https://github.com/rust-lang/crates.io-index"
checksum = "cbf7e9e623549b0e21f6e97cf8ecf247c1a8fd2e8a992ae265314300b2455d5c"
dependencies = [
 "rand_core 0.3.1",
]

[[package]]
name = "rdrand"
version = "0.4.0"
source = "registry+https://github.com/rust-lang/crates.io-index"
checksum = "678054eb77286b51581ba43620cc911abf02758c91f93f479767aed0f90458b2"
dependencies = [
 "rand_core 0.3.1",
]

[[package]]
name = "redox_syscall"
version = "0.1.57"
source = "registry+https://github.com/rust-lang/crates.io-index"
checksum = "41cc0f7e4d5d4544e8861606a285bb08d3e70712ccc7d2b84d7c0ccfaf4b05ce"

[[package]]
name = "remove_dir_all"
version = "0.5.3"
source = "registry+https://github.com/rust-lang/crates.io-index"
checksum = "3acd125665422973a33ac9d3dd2df85edad0f4ae9b00dafb1a05e43a9f5ef8e7"
dependencies = [
 "winapi",
]

[[package]]
name = "ryu"
version = "1.0.5"
source = "registry+https://github.com/rust-lang/crates.io-index"
checksum = "71d301d4193d031abdd79ff7e3dd721168a9572ef3fe51a1517aba235bd8f86e"

[[package]]
name = "same-file"
version = "1.0.6"
source = "registry+https://github.com/rust-lang/crates.io-index"
checksum = "93fc1dc3aaa9bfed95e02e6eadabb4baf7e3078b0bd1b4d7b6b0b68378900502"
dependencies = [
 "winapi-util",
]

[[package]]
name = "scroll"
version = "0.10.2"
source = "registry+https://github.com/rust-lang/crates.io-index"
checksum = "fda28d4b4830b807a8b43f7b0e6b5df875311b3e7621d84577188c175b6ec1ec"
dependencies = [
 "scroll_derive",
]

[[package]]
name = "scroll_derive"
version = "0.10.5"
source = "registry+https://github.com/rust-lang/crates.io-index"
checksum = "aaaae8f38bb311444cfb7f1979af0bc9240d95795f75f9ceddf6a59b79ceffa0"
dependencies = [
 "proc-macro2",
 "quote",
 "syn",
]

[[package]]
name = "secp256k1"
version = "0.19.0"
source = "registry+https://github.com/rust-lang/crates.io-index"
checksum = "c6179428c22c73ac0fbb7b5579a56353ce78ba29759b3b8575183336ea74cdfb"
dependencies = [
 "secp256k1-sys",
]

[[package]]
name = "secp256k1-sys"
version = "0.3.0"
source = "registry+https://github.com/rust-lang/crates.io-index"
checksum = "11553d210db090930f4432bea123b31f70bbf693ace14504ea2a35e796c28dd2"
dependencies = [
 "cc",
]

[[package]]
name = "serde"
version = "1.0.125"
source = "registry+https://github.com/rust-lang/crates.io-index"
checksum = "558dc50e1a5a5fa7112ca2ce4effcb321b0300c0d4ccf0776a9f60cd89031171"
dependencies = [
 "serde_derive",
]

[[package]]
name = "serde_derive"
version = "1.0.125"
source = "registry+https://github.com/rust-lang/crates.io-index"
checksum = "b093b7a2bb58203b5da3056c05b4ec1fed827dcfdb37347a8841695263b3d06d"
dependencies = [
 "proc-macro2",
 "quote",
 "syn",
]

[[package]]
name = "serde_json"
version = "1.0.64"
source = "registry+https://github.com/rust-lang/crates.io-index"
checksum = "799e97dc9fdae36a5c8b8f2cae9ce2ee9fdce2058c57a93e6099d919fd982f79"
dependencies = [
 "itoa",
 "ryu",
 "serde",
]

[[package]]
name = "siphasher"
version = "0.2.3"
source = "registry+https://github.com/rust-lang/crates.io-index"
checksum = "0b8de496cf83d4ed58b6be86c3a275b8602f6ffe98d3024a869e124147a9a3ac"

[[package]]
name = "sparse-merkle-tree"
version = "0.5.0-rc1"
source = "git+https://github.com/nervosnetwork/sparse-merkle-tree.git?branch=master#df02a884c69df6731e2f0c64d5ba02df806235af"
dependencies = [
 "blake2b-rs",
 "cfg-if 0.1.10",
]

[[package]]
name = "syn"
version = "1.0.70"
source = "registry+https://github.com/rust-lang/crates.io-index"
checksum = "b9505f307c872bab8eb46f77ae357c8eba1fdacead58ee5a850116b1d7f82883"
dependencies = [
 "proc-macro2",
 "quote",
 "unicode-xid",
]

[[package]]
name = "tempfile"
version = "3.1.0"
source = "registry+https://github.com/rust-lang/crates.io-index"
checksum = "7a6e24d9338a0a5be79593e2fa15a648add6138caa803e2d5bc782c371732ca9"
dependencies = [
 "cfg-if 0.1.10",
 "libc",
 "rand 0.7.3",
 "redox_syscall",
 "remove_dir_all",
 "winapi",
]

[[package]]
name = "thiserror"
version = "1.0.24"
source = "registry+https://github.com/rust-lang/crates.io-index"
checksum = "e0f4a65597094d4483ddaed134f409b2cb7c1beccf25201a9f73c719254fa98e"
dependencies = [
 "thiserror-impl",
]

[[package]]
name = "thiserror-impl"
version = "1.0.24"
source = "registry+https://github.com/rust-lang/crates.io-index"
checksum = "7765189610d8241a44529806d6fd1f2e0a08734313a35d5b3a556f92b381f3c0"
dependencies = [
 "proc-macro2",
 "quote",
 "syn",
]

[[package]]
name = "toml"
version = "0.5.8"
source = "registry+https://github.com/rust-lang/crates.io-index"
checksum = "a31142970826733df8241ef35dc040ef98c679ab14d7c3e54d827099b3acecaa"
dependencies = [
 "serde",
]

[[package]]
name = "unicode-xid"
version = "0.2.1"
source = "registry+https://github.com/rust-lang/crates.io-index"
checksum = "f7fe0bb3479651439c9112f72b6c505038574c9fbb575ed1bf3b797fa39dd564"

[[package]]
name = "walkdir"
version = "2.3.2"
source = "registry+https://github.com/rust-lang/crates.io-index"
checksum = "808cf2735cd4b6866113f648b791c6adc5714537bc222d9347bb203386ffda56"
dependencies = [
 "same-file",
 "winapi",
 "winapi-util",
]

[[package]]
name = "wasi"
version = "0.9.0+wasi-snapshot-preview1"
source = "registry+https://github.com/rust-lang/crates.io-index"
checksum = "cccddf32554fecc6acb585f82a32a72e28b48f8c4c1883ddfeeeaa96f7d8e519"

[[package]]
name = "winapi"
version = "0.3.9"
source = "registry+https://github.com/rust-lang/crates.io-index"
checksum = "5c839a674fcd7a98952e593242ea400abe93992746761e38641405d28b00f419"
dependencies = [
 "winapi-i686-pc-windows-gnu",
 "winapi-x86_64-pc-windows-gnu",
]

[[package]]
name = "winapi-i686-pc-windows-gnu"
version = "0.4.0"
source = "registry+https://github.com/rust-lang/crates.io-index"
checksum = "ac3b87c63620426dd9b991e5ce0329eff545bccbbb34f3be09ff6fb6ab51b7b6"

[[package]]
name = "winapi-util"
version = "0.1.5"
source = "registry+https://github.com/rust-lang/crates.io-index"
checksum = "70ec6ce85bb158151cae5e5c87f95a8e97d2c0c4b001223f33a334e3ce5de178"
dependencies = [
 "winapi",
]

[[package]]
name = "winapi-x86_64-pc-windows-gnu"
version = "0.4.0"
source = "registry+https://github.com/rust-lang/crates.io-index"
checksum = "712e227841d057c1ee1cd2fb22fa7e5a5461ae8e48fa2ca79ec42cfc1931183f"

[[package]]
name = "xudt-test"
version = "0.1.0"
dependencies = [
 "blake2b-rs",
 "ckb-crypto",
 "ckb-error",
 "ckb-hash",
 "ckb-script",
 "ckb-traits",
 "ckb-types",
 "lazy_static",
 "rand 0.6.5",
 "sparse-merkle-tree",
]
